// !$*UTF8*$!
{
	archiveVersion = 1;
	classes = {
	};
	objectVersion = 50;
	objects = {

/* Begin PBXBuildFile section */
		2A69BC042502D51B00003819 /* AppDelegate.swift in Sources */ = {isa = PBXBuildFile; fileRef = 2A69BC032502D51B00003819 /* AppDelegate.swift */; };
		2A69BC062502D51B00003819 /* SceneDelegate.swift in Sources */ = {isa = PBXBuildFile; fileRef = 2A69BC052502D51B00003819 /* SceneDelegate.swift */; };
		2A69BC082502D51B00003819 /* ViewController.swift in Sources */ = {isa = PBXBuildFile; fileRef = 2A69BC072502D51B00003819 /* ViewController.swift */; };
		2A69BC0B2502D51B00003819 /* Main.storyboard in Resources */ = {isa = PBXBuildFile; fileRef = 2A69BC092502D51B00003819 /* Main.storyboard */; };
		2A69BC0D2502D51C00003819 /* Assets.xcassets in Resources */ = {isa = PBXBuildFile; fileRef = 2A69BC0C2502D51C00003819 /* Assets.xcassets */; };
		2A69BC102502D51C00003819 /* LaunchScreen.storyboard in Resources */ = {isa = PBXBuildFile; fileRef = 2A69BC0E2502D51C00003819 /* LaunchScreen.storyboard */; };
		2A69BC1B2502D51D00003819 /* SFSU_Parminder_RattuTests.swift in Sources */ = {isa = PBXBuildFile; fileRef = 2A69BC1A2502D51D00003819 /* SFSU_Parminder_RattuTests.swift */; };
		2A69BC262502D51D00003819 /* SFSU_Parminder_RattuUITests.swift in Sources */ = {isa = PBXBuildFile; fileRef = 2A69BC252502D51D00003819 /* SFSU_Parminder_RattuUITests.swift */; };
/* End PBXBuildFile section */

/* Begin PBXContainerItemProxy section */
		2A69BC172502D51D00003819 /* PBXContainerItemProxy */ = {
			isa = PBXContainerItemProxy;
			containerPortal = 2A69BBF82502D51B00003819 /* Project object */;
			proxyType = 1;
			remoteGlobalIDString = 2A69BBFF2502D51B00003819;
			remoteInfo = "SFSU-Parminder-Rattu";
		};
		2A69BC222502D51D00003819 /* PBXContainerItemProxy */ = {
			isa = PBXContainerItemProxy;
			containerPortal = 2A69BBF82502D51B00003819 /* Project object */;
			proxyType = 1;
			remoteGlobalIDString = 2A69BBFF2502D51B00003819;
			remoteInfo = "SFSU-Parminder-Rattu";
		};
/* End PBXContainerItemProxy section */

/* Begin PBXFileReference section */
		2A69BC002502D51B00003819 /* SFSU-Parminder-Rattu.app */ = {isa = PBXFileReference; explicitFileType = wrapper.application; includeInIndex = 0; path = "SFSU-Parminder-Rattu.app"; sourceTree = BUILT_PRODUCTS_DIR; };
		2A69BC032502D51B00003819 /* AppDelegate.swift */ = {isa = PBXFileReference; lastKnownFileType = sourcecode.swift; path = AppDelegate.swift; sourceTree = "<group>"; };
		2A69BC052502D51B00003819 /* SceneDelegate.swift */ = {isa = PBXFileReference; lastKnownFileType = sourcecode.swift; path = SceneDelegate.swift; sourceTree = "<group>"; };
		2A69BC072502D51B00003819 /* ViewController.swift */ = {isa = PBXFileReference; lastKnownFileType = sourcecode.swift; path = ViewController.swift; sourceTree = "<group>"; };
		2A69BC0A2502D51B00003819 /* Base */ = {isa = PBXFileReference; lastKnownFileType = file.storyboard; name = Base; path = Base.lproj/Main.storyboard; sourceTree = "<group>"; };
		2A69BC0C2502D51C00003819 /* Assets.xcassets */ = {isa = PBXFileReference; lastKnownFileType = folder.assetcatalog; path = Assets.xcassets; sourceTree = "<group>"; };
		2A69BC0F2502D51C00003819 /* Base */ = {isa = PBXFileReference; lastKnownFileType = file.storyboard; name = Base; path = Base.lproj/LaunchScreen.storyboard; sourceTree = "<group>"; };
		2A69BC112502D51D00003819 /* Info.plist */ = {isa = PBXFileReference; lastKnownFileType = text.plist.xml; path = Info.plist; sourceTree = "<group>"; };
		2A69BC162502D51D00003819 /* SFSU-Parminder-RattuTests.xctest */ = {isa = PBXFileReference; explicitFileType = wrapper.cfbundle; includeInIndex = 0; path = "SFSU-Parminder-RattuTests.xctest"; sourceTree = BUILT_PRODUCTS_DIR; };
		2A69BC1A2502D51D00003819 /* SFSU_Parminder_RattuTests.swift */ = {isa = PBXFileReference; lastKnownFileType = sourcecode.swift; path = SFSU_Parminder_RattuTests.swift; sourceTree = "<group>"; };
		2A69BC1C2502D51D00003819 /* Info.plist */ = {isa = PBXFileReference; lastKnownFileType = text.plist.xml; path = Info.plist; sourceTree = "<group>"; };
		2A69BC212502D51D00003819 /* SFSU-Parminder-RattuUITests.xctest */ = {isa = PBXFileReference; explicitFileType = wrapper.cfbundle; includeInIndex = 0; path = "SFSU-Parminder-RattuUITests.xctest"; sourceTree = BUILT_PRODUCTS_DIR; };
		2A69BC252502D51D00003819 /* SFSU_Parminder_RattuUITests.swift */ = {isa = PBXFileReference; lastKnownFileType = sourcecode.swift; path = SFSU_Parminder_RattuUITests.swift; sourceTree = "<group>"; };
		2A69BC272502D51D00003819 /* Info.plist */ = {isa = PBXFileReference; lastKnownFileType = text.plist.xml; path = Info.plist; sourceTree = "<group>"; };
/* End PBXFileReference section */

/* Begin PBXFrameworksBuildPhase section */
		2A69BBFD2502D51B00003819 /* Frameworks */ = {
			isa = PBXFrameworksBuildPhase;
			buildActionMask = 2147483647;
			files = (
			);
			runOnlyForDeploymentPostprocessing = 0;
		};
		2A69BC132502D51D00003819 /* Frameworks */ = {
			isa = PBXFrameworksBuildPhase;
			buildActionMask = 2147483647;
			files = (
			);
			runOnlyForDeploymentPostprocessing = 0;
		};
		2A69BC1E2502D51D00003819 /* Frameworks */ = {
			isa = PBXFrameworksBuildPhase;
			buildActionMask = 2147483647;
			files = (
			);
			runOnlyForDeploymentPostprocessing = 0;
		};
/* End PBXFrameworksBuildPhase section */

/* Begin PBXGroup section */
		2A69BBF72502D51B00003819 = {
			isa = PBXGroup;
			children = (
				2A69BC022502D51B00003819 /* SFSU-Parminder-Rattu */,
				2A69BC192502D51D00003819 /* SFSU-Parminder-RattuTests */,
				2A69BC242502D51D00003819 /* SFSU-Parminder-RattuUITests */,
				2A69BC012502D51B00003819 /* Products */,
			);
			sourceTree = "<group>";
		};
		2A69BC012502D51B00003819 /* Products */ = {
			isa = PBXGroup;
			children = (
				2A69BC002502D51B00003819 /* SFSU-Parminder-Rattu.app */,
				2A69BC162502D51D00003819 /* SFSU-Parminder-RattuTests.xctest */,
				2A69BC212502D51D00003819 /* SFSU-Parminder-RattuUITests.xctest */,
			);
			name = Products;
			sourceTree = "<group>";
		};
		2A69BC022502D51B00003819 /* SFSU-Parminder-Rattu */ = {
			isa = PBXGroup;
			children = (
				2A69BC032502D51B00003819 /* AppDelegate.swift */,
				2A69BC052502D51B00003819 /* SceneDelegate.swift */,
				2A69BC072502D51B00003819 /* ViewController.swift */,
				2A69BC092502D51B00003819 /* Main.storyboard */,
				2A69BC0C2502D51C00003819 /* Assets.xcassets */,
				2A69BC0E2502D51C00003819 /* LaunchScreen.storyboard */,
				2A69BC112502D51D00003819 /* Info.plist */,
			);
			path = "SFSU-Parminder-Rattu";
			sourceTree = "<group>";
		};
		2A69BC192502D51D00003819 /* SFSU-Parminder-RattuTests */ = {
			isa = PBXGroup;
			children = (
				2A69BC1A2502D51D00003819 /* SFSU_Parminder_RattuTests.swift */,
				2A69BC1C2502D51D00003819 /* Info.plist */,
			);
			path = "SFSU-Parminder-RattuTests";
			sourceTree = "<group>";
		};
		2A69BC242502D51D00003819 /* SFSU-Parminder-RattuUITests */ = {
			isa = PBXGroup;
			children = (
				2A69BC252502D51D00003819 /* SFSU_Parminder_RattuUITests.swift */,
				2A69BC272502D51D00003819 /* Info.plist */,
			);
			path = "SFSU-Parminder-RattuUITests";
			sourceTree = "<group>";
		};
/* End PBXGroup section */

/* Begin PBXNativeTarget section */
		2A69BBFF2502D51B00003819 /* SFSU-Parminder-Rattu */ = {
			isa = PBXNativeTarget;
			buildConfigurationList = 2A69BC2A2502D51D00003819 /* Build configuration list for PBXNativeTarget "SFSU-Parminder-Rattu" */;
			buildPhases = (
				2A69BBFC2502D51B00003819 /* Sources */,
				2A69BBFD2502D51B00003819 /* Frameworks */,
				2A69BBFE2502D51B00003819 /* Resources */,
			);
			buildRules = (
			);
			dependencies = (
			);
			name = "SFSU-Parminder-Rattu";
			productName = "SFSU-Parminder-Rattu";
			productReference = 2A69BC002502D51B00003819 /* SFSU-Parminder-Rattu.app */;
			productType = "com.apple.product-type.application";
		};
		2A69BC152502D51D00003819 /* SFSU-Parminder-RattuTests */ = {
			isa = PBXNativeTarget;
			buildConfigurationList = 2A69BC2D2502D51D00003819 /* Build configuration list for PBXNativeTarget "SFSU-Parminder-RattuTests" */;
			buildPhases = (
				2A69BC122502D51D00003819 /* Sources */,
				2A69BC132502D51D00003819 /* Frameworks */,
				2A69BC142502D51D00003819 /* Resources */,
			);
			buildRules = (
			);
			dependencies = (
				2A69BC182502D51D00003819 /* PBXTargetDependency */,
			);
			name = "SFSU-Parminder-RattuTests";
			productName = "SFSU-Parminder-RattuTests";
			productReference = 2A69BC162502D51D00003819 /* SFSU-Parminder-RattuTests.xctest */;
			productType = "com.apple.product-type.bundle.unit-test";
		};
		2A69BC202502D51D00003819 /* SFSU-Parminder-RattuUITests */ = {
			isa = PBXNativeTarget;
			buildConfigurationList = 2A69BC302502D51D00003819 /* Build configuration list for PBXNativeTarget "SFSU-Parminder-RattuUITests" */;
			buildPhases = (
				2A69BC1D2502D51D00003819 /* Sources */,
				2A69BC1E2502D51D00003819 /* Frameworks */,
				2A69BC1F2502D51D00003819 /* Resources */,
			);
			buildRules = (
			);
			dependencies = (
				2A69BC232502D51D00003819 /* PBXTargetDependency */,
			);
			name = "SFSU-Parminder-RattuUITests";
			productName = "SFSU-Parminder-RattuUITests";
			productReference = 2A69BC212502D51D00003819 /* SFSU-Parminder-RattuUITests.xctest */;
			productType = "com.apple.product-type.bundle.ui-testing";
		};
/* End PBXNativeTarget section */

/* Begin PBXProject section */
		2A69BBF82502D51B00003819 /* Project object */ = {
			isa = PBXProject;
			attributes = {
				LastSwiftUpdateCheck = 1160;
				LastUpgradeCheck = 1160;
				ORGANIZATIONNAME = SFSU;
				TargetAttributes = {
					2A69BBFF2502D51B00003819 = {
						CreatedOnToolsVersion = 11.6;
					};
					2A69BC152502D51D00003819 = {
						CreatedOnToolsVersion = 11.6;
						TestTargetID = 2A69BBFF2502D51B00003819;
					};
					2A69BC202502D51D00003819 = {
						CreatedOnToolsVersion = 11.6;
						TestTargetID = 2A69BBFF2502D51B00003819;
					};
				};
			};
			buildConfigurationList = 2A69BBFB2502D51B00003819 /* Build configuration list for PBXProject "SFSU-Parminder-Rattu" */;
			compatibilityVersion = "Xcode 9.3";
			developmentRegion = en;
			hasScannedForEncodings = 0;
			knownRegions = (
				en,
				Base,
			);
			mainGroup = 2A69BBF72502D51B00003819;
			productRefGroup = 2A69BC012502D51B00003819 /* Products */;
			projectDirPath = "";
			projectRoot = "";
			targets = (
				2A69BBFF2502D51B00003819 /* SFSU-Parminder-Rattu */,
				2A69BC152502D51D00003819 /* SFSU-Parminder-RattuTests */,
				2A69BC202502D51D00003819 /* SFSU-Parminder-RattuUITests */,
			);
		};
/* End PBXProject section */

/* Begin PBXResourcesBuildPhase section */
		2A69BBFE2502D51B00003819 /* Resources */ = {
			isa = PBXResourcesBuildPhase;
			buildActionMask = 2147483647;
			files = (
				2A69BC102502D51C00003819 /* LaunchScreen.storyboard in Resources */,
				2A69BC0D2502D51C00003819 /* Assets.xcassets in Resources */,
				2A69BC0B2502D51B00003819 /* Main.storyboard in Resources */,
			);
			runOnlyForDeploymentPostprocessing = 0;
		};
		2A69BC142502D51D00003819 /* Resources */ = {
			isa = PBXResourcesBuildPhase;
			buildActionMask = 2147483647;
			files = (
			);
			runOnlyForDeploymentPostprocessing = 0;
		};
		2A69BC1F2502D51D00003819 /* Resources */ = {
			isa = PBXResourcesBuildPhase;
			buildActionMask = 2147483647;
			files = (
			);
			runOnlyForDeploymentPostprocessing = 0;
		};
/* End PBXResourcesBuildPhase section */

/* Begin PBXSourcesBuildPhase section */
		2A69BBFC2502D51B00003819 /* Sources */ = {
			isa = PBXSourcesBuildPhase;
			buildActionMask = 2147483647;
			files = (
				2A69BC082502D51B00003819 /* ViewController.swift in Sources */,
				2A69BC042502D51B00003819 /* AppDelegate.swift in Sources */,
				2A69BC062502D51B00003819 /* SceneDelegate.swift in Sources */,
			);
			runOnlyForDeploymentPostprocessing = 0;
		};
		2A69BC122502D51D00003819 /* Sources */ = {
			isa = PBXSourcesBuildPhase;
			buildActionMask = 2147483647;
			files = (
				2A69BC1B2502D51D00003819 /* SFSU_Parminder_RattuTests.swift in Sources */,
			);
			runOnlyForDeploymentPostprocessing = 0;
		};
		2A69BC1D2502D51D00003819 /* Sources */ = {
			isa = PBXSourcesBuildPhase;
			buildActionMask = 2147483647;
			files = (
				2A69BC262502D51D00003819 /* SFSU_Parminder_RattuUITests.swift in Sources */,
			);
			runOnlyForDeploymentPostprocessing = 0;
		};
/* End PBXSourcesBuildPhase section */

/* Begin PBXTargetDependency section */
		2A69BC182502D51D00003819 /* PBXTargetDependency */ = {
			isa = PBXTargetDependency;
			target = 2A69BBFF2502D51B00003819 /* SFSU-Parminder-Rattu */;
			targetProxy = 2A69BC172502D51D00003819 /* PBXContainerItemProxy */;
		};
		2A69BC232502D51D00003819 /* PBXTargetDependency */ = {
			isa = PBXTargetDependency;
			target = 2A69BBFF2502D51B00003819 /* SFSU-Parminder-Rattu */;
			targetProxy = 2A69BC222502D51D00003819 /* PBXContainerItemProxy */;
		};
/* End PBXTargetDependency section */

/* Begin PBXVariantGroup section */
		2A69BC092502D51B00003819 /* Main.storyboard */ = {
			isa = PBXVariantGroup;
			children = (
				2A69BC0A2502D51B00003819 /* Base */,
			);
			name = Main.storyboard;
			sourceTree = "<group>";
		};
		2A69BC0E2502D51C00003819 /* LaunchScreen.storyboard */ = {
			isa = PBXVariantGroup;
			children = (
				2A69BC0F2502D51C00003819 /* Base */,
			);
			name = LaunchScreen.storyboard;
			sourceTree = "<group>";
		};
/* End PBXVariantGroup section */

/* Begin XCBuildConfiguration section */
		2A69BC282502D51D00003819 /* Debug */ = {
			isa = XCBuildConfiguration;
			buildSettings = {
				ALWAYS_SEARCH_USER_PATHS = NO;
				CLANG_ANALYZER_NONNULL = YES;
				CLANG_ANALYZER_NUMBER_OBJECT_CONVERSION = YES_AGGRESSIVE;
				CLANG_CXX_LANGUAGE_STANDARD = "gnu++14";
				CLANG_CXX_LIBRARY = "libc++";
				CLANG_ENABLE_MODULES = YES;
				CLANG_ENABLE_OBJC_ARC = YES;
				CLANG_ENABLE_OBJC_WEAK = YES;
				CLANG_WARN_BLOCK_CAPTURE_AUTORELEASING = YES;
				CLANG_WARN_BOOL_CONVERSION = YES;
				CLANG_WARN_COMMA = YES;
				CLANG_WARN_CONSTANT_CONVERSION = YES;
				CLANG_WARN_DEPRECATED_OBJC_IMPLEMENTATIONS = YES;
				CLANG_WARN_DIRECT_OBJC_ISA_USAGE = YES_ERROR;
				CLANG_WARN_DOCUMENTATION_COMMENTS = YES;
				CLANG_WARN_EMPTY_BODY = YES;
				CLANG_WARN_ENUM_CONVERSION = YES;
				CLANG_WARN_INFINITE_RECURSION = YES;
				CLANG_WARN_INT_CONVERSION = YES;
				CLANG_WARN_NON_LITERAL_NULL_CONVERSION = YES;
				CLANG_WARN_OBJC_IMPLICIT_RETAIN_SELF = YES;
				CLANG_WARN_OBJC_LITERAL_CONVERSION = YES;
				CLANG_WARN_OBJC_ROOT_CLASS = YES_ERROR;
				CLANG_WARN_RANGE_LOOP_ANALYSIS = YES;
				CLANG_WARN_STRICT_PROTOTYPES = YES;
				CLANG_WARN_SUSPICIOUS_MOVE = YES;
				CLANG_WARN_UNGUARDED_AVAILABILITY = YES_AGGRESSIVE;
				CLANG_WARN_UNREACHABLE_CODE = YES;
				CLANG_WARN__DUPLICATE_METHOD_MATCH = YES;
				COPY_PHASE_STRIP = NO;
				DEBUG_INFORMATION_FORMAT = dwarf;
				ENABLE_STRICT_OBJC_MSGSEND = YES;
				ENABLE_TESTABILITY = YES;
				GCC_C_LANGUAGE_STANDARD = gnu11;
				GCC_DYNAMIC_NO_PIC = NO;
				GCC_NO_COMMON_BLOCKS = YES;
				GCC_OPTIMIZATION_LEVEL = 0;
				GCC_PREPROCESSOR_DEFINITIONS = (
					"DEBUG=1",
					"$(inherited)",
				);
				GCC_WARN_64_TO_32_BIT_CONVERSION = YES;
				GCC_WARN_ABOUT_RETURN_TYPE = YES_ERROR;
				GCC_WARN_UNDECLARED_SELECTOR = YES;
				GCC_WARN_UNINITIALIZED_AUTOS = YES_AGGRESSIVE;
				GCC_WARN_UNUSED_FUNCTION = YES;
				GCC_WARN_UNUSED_VARIABLE = YES;
				IPHONEOS_DEPLOYMENT_TARGET = 13.6;
				MTL_ENABLE_DEBUG_INFO = INCLUDE_SOURCE;
				MTL_FAST_MATH = YES;
				ONLY_ACTIVE_ARCH = YES;
				SDKROOT = iphoneos;
				SWIFT_ACTIVE_COMPILATION_CONDITIONS = DEBUG;
				SWIFT_OPTIMIZATION_LEVEL = "-Onone";
			};
			name = Debug;
		};
		2A69BC292502D51D00003819 /* Release */ = {
			isa = XCBuildConfiguration;
			buildSettings = {
				ALWAYS_SEARCH_USER_PATHS = NO;
				CLANG_ANALYZER_NONNULL = YES;
				CLANG_ANALYZER_NUMBER_OBJECT_CONVERSION = YES_AGGRESSIVE;
				CLANG_CXX_LANGUAGE_STANDARD = "gnu++14";
				CLANG_CXX_LIBRARY = "libc++";
				CLANG_ENABLE_MODULES = YES;
				CLANG_ENABLE_OBJC_ARC = YES;
				CLANG_ENABLE_OBJC_WEAK = YES;
				CLANG_WARN_BLOCK_CAPTURE_AUTORELEASING = YES;
				CLANG_WARN_BOOL_CONVERSION = YES;
				CLANG_WARN_COMMA = YES;
				CLANG_WARN_CONSTANT_CONVERSION = YES;
				CLANG_WARN_DEPRECATED_OBJC_IMPLEMENTATIONS = YES;
				CLANG_WARN_DIRECT_OBJC_ISA_USAGE = YES_ERROR;
				CLANG_WARN_DOCUMENTATION_COMMENTS = YES;
				CLANG_WARN_EMPTY_BODY = YES;
				CLANG_WARN_ENUM_CONVERSION = YES;
				CLANG_WARN_INFINITE_RECURSION = YES;
				CLANG_WARN_INT_CONVERSION = YES;
				CLANG_WARN_NON_LITERAL_NULL_CONVERSION = YES;
				CLANG_WARN_OBJC_IMPLICIT_RETAIN_SELF = YES;
				CLANG_WARN_OBJC_LITERAL_CONVERSION = YES;
				CLANG_WARN_OBJC_ROOT_CLASS = YES_ERROR;
				CLANG_WARN_RANGE_LOOP_ANALYSIS = YES;
				CLANG_WARN_STRICT_PROTOTYPES = YES;
				CLANG_WARN_SUSPICIOUS_MOVE = YES;
				CLANG_WARN_UNGUARDED_AVAILABILITY = YES_AGGRESSIVE;
				CLANG_WARN_UNREACHABLE_CODE = YES;
				CLANG_WARN__DUPLICATE_METHOD_MATCH = YES;
				COPY_PHASE_STRIP = NO;
				DEBUG_INFORMATION_FORMAT = "dwarf-with-dsym";
				ENABLE_NS_ASSERTIONS = NO;
				ENABLE_STRICT_OBJC_MSGSEND = YES;
				GCC_C_LANGUAGE_STANDARD = gnu11;
				GCC_NO_COMMON_BLOCKS = YES;
				GCC_WARN_64_TO_32_BIT_CONVERSION = YES;
				GCC_WARN_ABOUT_RETURN_TYPE = YES_ERROR;
				GCC_WARN_UNDECLARED_SELECTOR = YES;
				GCC_WARN_UNINITIALIZED_AUTOS = YES_AGGRESSIVE;
				GCC_WARN_UNUSED_FUNCTION = YES;
				GCC_WARN_UNUSED_VARIABLE = YES;
				IPHONEOS_DEPLOYMENT_TARGET = 13.6;
				MTL_ENABLE_DEBUG_INFO = NO;
				MTL_FAST_MATH = YES;
				SDKROOT = iphoneos;
				SWIFT_COMPILATION_MODE = wholemodule;
				SWIFT_OPTIMIZATION_LEVEL = "-O";
				VALIDATE_PRODUCT = YES;
			};
			name = Release;
		};
		2A69BC2B2502D51D00003819 /* Debug */ = {
			isa = XCBuildConfiguration;
			buildSettings = {
				ASSETCATALOG_COMPILER_APPICON_NAME = AppIcon;
				CODE_SIGN_STYLE = Automatic;
				DEVELOPMENT_TEAM = 7T76UPNU99;
				INFOPLIST_FILE = "SFSU-Parminder-Rattu/Info.plist";
				LD_RUNPATH_SEARCH_PATHS = (
					"$(inherited)",
					"@executable_path/Frameworks",
				);
				PRODUCT_BUNDLE_IDENTIFIER = "edu.sfsu.SFSU-Parminder-Rattu";
				PRODUCT_NAME = "$(TARGET_NAME)";
				SWIFT_VERSION = 5.0;
				TARGETED_DEVICE_FAMILY = "1,2";
			};
			name = Debug;
		};
		2A69BC2C2502D51D00003819 /* Release */ = {
			isa = XCBuildConfiguration;
			buildSettings = {
				ASSETCATALOG_COMPILER_APPICON_NAME = AppIcon;
				CODE_SIGN_STYLE = Automatic;
				DEVELOPMENT_TEAM = 7T76UPNU99;
				INFOPLIST_FILE = "SFSU-Parminder-Rattu/Info.plist";
				LD_RUNPATH_SEARCH_PATHS = (
					"$(inherited)",
					"@executable_path/Frameworks",
				);
				PRODUCT_BUNDLE_IDENTIFIER = "edu.sfsu.SFSU-Parminder-Rattu";
				PRODUCT_NAME = "$(TARGET_NAME)";
				SWIFT_VERSION = 5.0;
				TARGETED_DEVICE_FAMILY = "1,2";
			};
			name = Release;
		};
		2A69BC2E2502D51D00003819 /* Debug */ = {
			isa = XCBuildConfiguration;
			buildSettings = {
				ALWAYS_EMBED_SWIFT_STANDARD_LIBRARIES = YES;
				BUNDLE_LOADER = "$(TEST_HOST)";
				CODE_SIGN_STYLE = Automatic;
				DEVELOPMENT_TEAM = 7T76UPNU99;
				INFOPLIST_FILE = "SFSU-Parminder-RattuTests/Info.plist";
				IPHONEOS_DEPLOYMENT_TARGET = 13.6;
				LD_RUNPATH_SEARCH_PATHS = (
					"$(inherited)",
					"@executable_path/Frameworks",
					"@loader_path/Frameworks",
				);
				PRODUCT_BUNDLE_IDENTIFIER = "edu.sfsu.SFSU-Parminder-RattuTests";
				PRODUCT_NAME = "$(TARGET_NAME)";
				SWIFT_VERSION = 5.0;
				TARGETED_DEVICE_FAMILY = "1,2";
				TEST_HOST = "$(BUILT_PRODUCTS_DIR)/SFSU-Parminder-Rattu.app/SFSU-Parminder-Rattu";
			};
			name = Debug;
		};
		2A69BC2F2502D51D00003819 /* Release */ = {
			isa = XCBuildConfiguration;
			buildSettings = {
				ALWAYS_EMBED_SWIFT_STANDARD_LIBRARIES = YES;
				BUNDLE_LOADER = "$(TEST_HOST)";
				CODE_SIGN_STYLE = Automatic;
				DEVELOPMENT_TEAM = 7T76UPNU99;
				INFOPLIST_FILE = "SFSU-Parminder-RattuTests/Info.plist";
				IPHONEOS_DEPLOYMENT_TARGET = 13.6;
				LD_RUNPATH_SEARCH_PATHS = (
					"$(inherited)",
					"@executable_path/Frameworks",
					"@loader_path/Frameworks",
				);
				PRODUCT_BUNDLE_IDENTIFIER = "edu.sfsu.SFSU-Parminder-RattuTests";
				PRODUCT_NAME = "$(TARGET_NAME)";
				SWIFT_VERSION = 5.0;
				TARGETED_DEVICE_FAMILY = "1,2";
				TEST_HOST = "$(BUILT_PRODUCTS_DIR)/SFSU-Parminder-Rattu.app/SFSU-Parminder-Rattu";
			};
			name = Release;
		};
		2A69BC312502D51D00003819 /* Debug */ = {
			isa = XCBuildConfiguration;
			buildSettings = {
				ALWAYS_EMBED_SWIFT_STANDARD_LIBRARIES = YES;
				CODE_SIGN_STYLE = Automatic;
				DEVELOPMENT_TEAM = 7T76UPNU99;
				INFOPLIST_FILE = "SFSU-Parminder-RattuUITests/Info.plist";
				LD_RUNPATH_SEARCH_PATHS = (
					"$(inherited)",
					"@executable_path/Frameworks",
					"@loader_path/Frameworks",
				);
				PRODUCT_BUNDLE_IDENTIFIER = "edu.sfsu.SFSU-Parminder-RattuUITests";
				PRODUCT_NAME = "$(TARGET_NAME)";
				SWIFT_VERSION = 5.0;
				TARGETED_DEVICE_FAMILY = "1,2";
				TEST_TARGET_NAME = "SFSU-Parminder-Rattu";
			};
			name = Debug;
		};
		2A69BC322502D51D00003819 /* Release */ = {
			isa = XCBuildConfiguration;
			buildSettings = {
				ALWAYS_EMBED_SWIFT_STANDARD_LIBRARIES = YES;
				CODE_SIGN_STYLE = Automatic;
				DEVELOPMENT_TEAM = 7T76UPNU99;
				INFOPLIST_FILE = "SFSU-Parminder-RattuUITests/Info.plist";
				LD_RUNPATH_SEARCH_PATHS = (
					"$(inherited)",
					"@executable_path/Frameworks",
					"@loader_path/Frameworks",
				);
				PRODUCT_BUNDLE_IDENTIFIER = "edu.sfsu.SFSU-Parminder-RattuUITests";
				PRODUCT_NAME = "$(TARGET_NAME)";
				SWIFT_VERSION = 5.0;
				TARGETED_DEVICE_FAMILY = "1,2";
				TEST_TARGET_NAME = "SFSU-Parminder-Rattu";
			};
			name = Release;
		};
/* End XCBuildConfiguration section */

/* Begin XCConfigurationList section */
		2A69BBFB2502D51B00003819 /* Build configuration list for PBXProject "SFSU-Parminder-Rattu" */ = {
			isa = XCConfigurationList;
			buildConfigurations = (
				2A69BC282502D51D00003819 /* Debug */,
				2A69BC292502D51D00003819 /* Release */,
			);
			defaultConfigurationIsVisible = 0;
			defaultConfigurationName = Release;
		};
		2A69BC2A2502D51D00003819 /* Build configuration list for PBXNativeTarget "SFSU-Parminder-Rattu" */ = {
			isa = XCConfigurationList;
			buildConfigurations = (
				2A69BC2B2502D51D00003819 /* Debug */,
				2A69BC2C2502D51D00003819 /* Release */,
			);
			defaultConfigurationIsVisible = 0;
			defaultConfigurationName = Release;
		};
		2A69BC2D2502D51D00003819 /* Build configuration list for PBXNativeTarget "SFSU-Parminder-RattuTests" */ = {
			isa = XCConfigurationList;
			buildConfigurations = (
				2A69BC2E2502D51D00003819 /* Debug */,
				2A69BC2F2502D51D00003819 /* Release */,
			);
			defaultConfigurationIsVisible = 0;
			defaultConfigurationName = Release;
		};
		2A69BC302502D51D00003819 /* Build configuration list for PBXNativeTarget "SFSU-Parminder-RattuUITests" */ = {
			isa = XCConfigurationList;
			buildConfigurations = (
				2A69BC312502D51D00003819 /* Debug */,
				2A69BC322502D51D00003819 /* Release */,
			);
			defaultConfigurationIsVisible = 0;
			defaultConfigurationName = Release;
		};
/* End XCConfigurationList section */
	};
	rootObject = 2A69BBF82502D51B00003819 /* Project object */;
}
